
Microsoft Visual Studio Solution File, Format Version 12.00
# Visual Studio 2015
Project("{FAE04EC0-301F-11D3-BF4B-00C04F79EFBC}") = "SimpleFight.CSharp", "SimpleFight.CSharp.csproj", "{5E0DC717-9497-50D9-8CDF-7B21D24B6123}"
EndProject
Project("{FAE04EC0-301F-11D3-BF4B-00C04F79EFBC}") = "SimpleFight.CSharp.Editor", "SimpleFight.CSharp.Editor.csproj", "{D2C8E16B-5BD1-FAEF-B3B0-FE277833744B}"
EndProject
Global
	GlobalSection(SolutionConfigurationPlatforms) = preSolution
		Debug|Any CPU = Debug|Any CPU
		Release|Any CPU = Release|Any CPU
	EndGlobalSection
	GlobalSection(ProjectConfigurationPlatforms) = postSolution
		{5E0DC717-9497-50D9-8CDF-7B21D24B6123}.Debug|Any CPU.ActiveCfg = Debug|Any CPU
		{5E0DC717-9497-50D9-8CDF-7B21D24B6123}.Debug|Any CPU.Build.0 = Debug|Any CPU
		{5E0DC717-9497-50D9-8CDF-7B21D24B6123}.Release|Any CPU.ActiveCfg = Release|Any CPU
		{5E0DC717-9497-50D9-8CDF-7B21D24B6123}.Release|Any CPU.Build.0 = Release|Any CPU
		{D2C8E16B-5BD1-FAEF-B3B0-FE277833744B}.Debug|Any CPU.ActiveCfg = Debug|Any CPU
		{D2C8E16B-5BD1-FAEF-B3B0-FE277833744B}.Debug|Any CPU.Build.0 = Debug|Any CPU
		{D2C8E16B-5BD1-FAEF-B3B0-FE277833744B}.Release|Any CPU.ActiveCfg = Release|Any CPU
		{D2C8E16B-5BD1-FAEF-B3B0-FE277833744B}.Release|Any CPU.Build.0 = Release|Any CPU
	EndGlobalSection
	GlobalSection(SolutionProperties) = preSolution
		HideSolutionNode = FALSE
	EndGlobalSection
EndGlobal
